// !$*UTF8*$!
{
	archiveVersion = 1;
	classes = {
	};
	objectVersion = 46;
	objects = {

/* Begin PBXBuildFile section */
		1A29409F062864C397A8C7F0 /* AdLinkDto.m in Sources */ = {isa = PBXBuildFile; fileRef = 1A294EE00E5BD9C2C3381EA9 /* AdLinkDto.m */; };
		1A2940EA87B18165F0706554 /* AdDto.m in Sources */ = {isa = PBXBuildFile; fileRef = 1A29498FF48BB6F830EB19C5 /* AdDto.m */; };
		1A294302F589699D797A3D21 /* OysterContentAdCell.m in Sources */ = {isa = PBXBuildFile; fileRef = 1A294989F9245F25C0FBEE7F /* OysterContentAdCell.m */; };
		1A29442DE4F9FA7E38B9925F /* OysterAdLoader.m in Sources */ = {isa = PBXBuildFile; fileRef = 1A294E3933D9A13CBFE2C46D /* OysterAdLoader.m */; };
		1A2945087EA121E7581C27C8 /* AdImageDto.m in Sources */ = {isa = PBXBuildFile; fileRef = 1A294360632D4A07D4200953 /* AdImageDto.m */; };
		1A2946D7A3130F96A8652FCD /* AdSponsorDto.m in Sources */ = {isa = PBXBuildFile; fileRef = 1A294A9D23A94F0AD22BD32F /* AdSponsorDto.m */; };
		1A2946DA26A243BF5FD99DA2 /* AdImage.m in Sources */ = {isa = PBXBuildFile; fileRef = 1A2947D2558666A042B4100E /* AdImage.m */; };
		1A2947E6DBDED48E55A9D9E3 /* OysterContentAd.m in Sources */ = {isa = PBXBuildFile; fileRef = 1A29490B9C18223542CC384F /* OysterContentAd.m */; };
		1A2948084E6DFE6C75C31E7E /* OysterAdImage.m in Sources */ = {isa = PBXBuildFile; fileRef = 1A294905572BB7BE4999A559 /* OysterAdImage.m */; };
		1A2948D8BDCCD2A190E7FD69 /* AdViewModel.m in Sources */ = {isa = PBXBuildFile; fileRef = 1A29404157F311FABF8C3536 /* AdViewModel.m */; };
		1A2949DAA6B0C5959D4024D7 /* ContentAdLoadedListener.m in Sources */ = {isa = PBXBuildFile; fileRef = 1A2945C400E9214771956199 /* ContentAdLoadedListener.m */; };
		1A294BA9140593F3A4994CF4 /* ServiceLoader.m in Sources */ = {isa = PBXBuildFile; fileRef = 1A2940A534AAD64B52D2F6F6 /* ServiceLoader.m */; };
		1A294CB43949A7BDE4621B50 /* CollectionViewController.m in Sources */ = {isa = PBXBuildFile; fileRef = 1A294DE99C495A7B000D3758 /* CollectionViewController.m */; };
		4A14EFD01D66F7AB004781A4 /* main.m in Sources */ = {isa = PBXBuildFile; fileRef = 4A14EFCF1D66F7AB004781A4 /* main.m */; };
		4A14EFD31D66F7AB004781A4 /* AppDelegate.m in Sources */ = {isa = PBXBuildFile; fileRef = 4A14EFD21D66F7AB004781A4 /* AppDelegate.m */; };
		4A14EFD61D66F7AB004781A4 /* ViewController.m in Sources */ = {isa = PBXBuildFile; fileRef = 4A14EFD51D66F7AB004781A4 /* ViewController.m */; };
		4A14EFD91D66F7AB004781A4 /* Main.storyboard in Resources */ = {isa = PBXBuildFile; fileRef = 4A14EFD71D66F7AB004781A4 /* Main.storyboard */; };
		4A14EFDB1D66F7AB004781A4 /* Assets.xcassets in Resources */ = {isa = PBXBuildFile; fileRef = 4A14EFDA1D66F7AB004781A4 /* Assets.xcassets */; };
		4A14EFDE1D66F7AB004781A4 /* LaunchScreen.storyboard in Resources */ = {isa = PBXBuildFile; fileRef = 4A14EFDC1D66F7AB004781A4 /* LaunchScreen.storyboard */; };
		4A14EFE61D66F7CA004781A4 /* NativeContentAdView.xib in Resources */ = {isa = PBXBuildFile; fileRef = 4A14EFE51D66F7CA004781A4 /* NativeContentAdView.xib */; };
		4A14EFEC1D66F8A0004781A4 /* OysterContentAdView.m in Sources */ = {isa = PBXBuildFile; fileRef = 4A14EFEB1D66F8A0004781A4 /* OysterContentAdView.m */; };
		4A14EFEF1D66F8B5004781A4 /* OysterAd.m in Sources */ = {isa = PBXBuildFile; fileRef = 4A14EFEE1D66F8B5004781A4 /* OysterAd.m */; };
/* End PBXBuildFile section */

/* Begin PBXFileReference section */
		1A29404157F311FABF8C3536 /* AdViewModel.m */ = {isa = PBXFileReference; fileEncoding = 4; lastKnownFileType = sourcecode.c.objc; path = AdViewModel.m; sourceTree = "<group>"; };
		1A294070ADCBB819549B4D3E /* AdLoadedListener.h */ = {isa = PBXFileReference; fileEncoding = 4; lastKnownFileType = sourcecode.c.h; path = AdLoadedListener.h; sourceTree = "<group>"; };
		1A2940A534AAD64B52D2F6F6 /* ServiceLoader.m */ = {isa = PBXFileReference; fileEncoding = 4; lastKnownFileType = sourcecode.c.objc; path = ServiceLoader.m; sourceTree = "<group>"; };
		1A2942A6F40D750E55FC640F /* AdSponsorDto.h */ = {isa = PBXFileReference; fileEncoding = 4; lastKnownFileType = sourcecode.c.h; path = AdSponsorDto.h; sourceTree = "<group>"; };
		1A294360632D4A07D4200953 /* AdImageDto.m */ = {isa = PBXFileReference; fileEncoding = 4; lastKnownFileType = sourcecode.c.objc; path = AdImageDto.m; sourceTree = "<group>"; };
		1A294498839506C4B8F38E34 /* OysterAdImage.h */ = {isa = PBXFileReference; fileEncoding = 4; lastKnownFileType = sourcecode.c.h; path = OysterAdImage.h; sourceTree = "<group>"; };
		1A2945237DFE7E261A560B93 /* OysterAdLoader.h */ = {isa = PBXFileReference; fileEncoding = 4; lastKnownFileType = sourcecode.c.h; path = OysterAdLoader.h; sourceTree = "<group>"; };
		1A294577A879DC81BD27E858 /* OysterContentAd.h */ = {isa = PBXFileReference; fileEncoding = 4; lastKnownFileType = sourcecode.c.h; path = OysterContentAd.h; sourceTree = "<group>"; };
		1A2945C400E9214771956199 /* ContentAdLoadedListener.m */ = {isa = PBXFileReference; fileEncoding = 4; lastKnownFileType = sourcecode.c.objc; path = ContentAdLoadedListener.m; sourceTree = "<group>"; };
		1A29472A42629D039962DCFD /* AdDto.h */ = {isa = PBXFileReference; fileEncoding = 4; lastKnownFileType = sourcecode.c.h; path = AdDto.h; sourceTree = "<group>"; };
		1A2947C0F201DAB1621DFE22 /* AdImageDto.h */ = {isa = PBXFileReference; fileEncoding = 4; lastKnownFileType = sourcecode.c.h; path = AdImageDto.h; sourceTree = "<group>"; };
		1A2947D2558666A042B4100E /* AdImage.m */ = {isa = PBXFileReference; fileEncoding = 4; lastKnownFileType = sourcecode.c.objc; path = AdImage.m; sourceTree = "<group>"; };
		1A2947DBD98990469029E4D6 /* CollectionViewController.h */ = {isa = PBXFileReference; fileEncoding = 4; lastKnownFileType = sourcecode.c.h; path = CollectionViewController.h; sourceTree = "<group>"; };
		1A29489B05E0CE176653116A /* OysterAdType.h */ = {isa = PBXFileReference; fileEncoding = 4; lastKnownFileType = sourcecode.c.h; path = OysterAdType.h; sourceTree = "<group>"; };
		1A294905572BB7BE4999A559 /* OysterAdImage.m */ = {isa = PBXFileReference; fileEncoding = 4; lastKnownFileType = sourcecode.c.objc; path = OysterAdImage.m; sourceTree = "<group>"; };
		1A29490B9C18223542CC384F /* OysterContentAd.m */ = {isa = PBXFileReference; fileEncoding = 4; lastKnownFileType = sourcecode.c.objc; path = OysterContentAd.m; sourceTree = "<group>"; };
		1A2949239BCBAFFB3108BE6E /* OysterAdLoaderDelegate.h */ = {isa = PBXFileReference; fileEncoding = 4; lastKnownFileType = sourcecode.c.h; path = OysterAdLoaderDelegate.h; sourceTree = "<group>"; };
		1A294989F9245F25C0FBEE7F /* OysterContentAdCell.m */ = {isa = PBXFileReference; fileEncoding = 4; lastKnownFileType = sourcecode.c.objc; path = OysterContentAdCell.m; sourceTree = "<group>"; };
		1A29498FF48BB6F830EB19C5 /* AdDto.m */ = {isa = PBXFileReference; fileEncoding = 4; lastKnownFileType = sourcecode.c.objc; path = AdDto.m; sourceTree = "<group>"; };
		1A2949BC0DAB67DEDABADCF6 /* AdViewModel.h */ = {isa = PBXFileReference; fileEncoding = 4; lastKnownFileType = sourcecode.c.h; path = AdViewModel.h; sourceTree = "<group>"; };
		1A294A9D23A94F0AD22BD32F /* AdSponsorDto.m */ = {isa = PBXFileReference; fileEncoding = 4; lastKnownFileType = sourcecode.c.objc; path = AdSponsorDto.m; sourceTree = "<group>"; };
		1A294BAC8A41CC3B8AAB28BD /* OysterContentAdCell.h */ = {isa = PBXFileReference; fileEncoding = 4; lastKnownFileType = sourcecode.c.h; path = OysterContentAdCell.h; sourceTree = "<group>"; };
		1A294CA07749390B7CFCE63B /* AdImage.h */ = {isa = PBXFileReference; fileEncoding = 4; lastKnownFileType = sourcecode.c.h; path = AdImage.h; sourceTree = "<group>"; };
		1A294DBB2CF09AF9A1C54F98 /* ServiceLoader.h */ = {isa = PBXFileReference; fileEncoding = 4; lastKnownFileType = sourcecode.c.h; path = ServiceLoader.h; sourceTree = "<group>"; };
		1A294DE99C495A7B000D3758 /* CollectionViewController.m */ = {isa = PBXFileReference; fileEncoding = 4; lastKnownFileType = sourcecode.c.objc; path = CollectionViewController.m; sourceTree = "<group>"; };
		1A294E3933D9A13CBFE2C46D /* OysterAdLoader.m */ = {isa = PBXFileReference; fileEncoding = 4; lastKnownFileType = sourcecode.c.objc; path = OysterAdLoader.m; sourceTree = "<group>"; };
		1A294EA044143C6CCE980F5F /* ContentAdLoadedListener.h */ = {isa = PBXFileReference; fileEncoding = 4; lastKnownFileType = sourcecode.c.h; path = ContentAdLoadedListener.h; sourceTree = "<group>"; };
		1A294ECCE9DEA72AD7F9E37F /* AdLinkDto.h */ = {isa = PBXFileReference; fileEncoding = 4; lastKnownFileType = sourcecode.c.h; path = AdLinkDto.h; sourceTree = "<group>"; };
		1A294EE00E5BD9C2C3381EA9 /* AdLinkDto.m */ = {isa = PBXFileReference; fileEncoding = 4; lastKnownFileType = sourcecode.c.objc; path = AdLinkDto.m; sourceTree = "<group>"; };
		4A14EFCB1D66F7AB004781A4 /* oyster.app */ = {isa = PBXFileReference; explicitFileType = wrapper.application; includeInIndex = 0; path = oyster.app; sourceTree = BUILT_PRODUCTS_DIR; };
		4A14EFCF1D66F7AB004781A4 /* main.m */ = {isa = PBXFileReference; lastKnownFileType = sourcecode.c.objc; path = main.m; sourceTree = "<group>"; };
		4A14EFD11D66F7AB004781A4 /* AppDelegate.h */ = {isa = PBXFileReference; lastKnownFileType = sourcecode.c.h; path = AppDelegate.h; sourceTree = "<group>"; };
		4A14EFD21D66F7AB004781A4 /* AppDelegate.m */ = {isa = PBXFileReference; lastKnownFileType = sourcecode.c.objc; path = AppDelegate.m; sourceTree = "<group>"; };
		4A14EFD41D66F7AB004781A4 /* ViewController.h */ = {isa = PBXFileReference; lastKnownFileType = sourcecode.c.h; path = ViewController.h; sourceTree = "<group>"; };
		4A14EFD51D66F7AB004781A4 /* ViewController.m */ = {isa = PBXFileReference; lastKnownFileType = sourcecode.c.objc; path = ViewController.m; sourceTree = "<group>"; };
		4A14EFD81D66F7AB004781A4 /* Base */ = {isa = PBXFileReference; lastKnownFileType = file.storyboard; name = Base; path = Base.lproj/Main.storyboard; sourceTree = "<group>"; };
		4A14EFDA1D66F7AB004781A4 /* Assets.xcassets */ = {isa = PBXFileReference; lastKnownFileType = folder.assetcatalog; path = Assets.xcassets; sourceTree = "<group>"; };
		4A14EFDD1D66F7AB004781A4 /* Base */ = {isa = PBXFileReference; lastKnownFileType = file.storyboard; name = Base; path = Base.lproj/LaunchScreen.storyboard; sourceTree = "<group>"; };
		4A14EFDF1D66F7AB004781A4 /* Info.plist */ = {isa = PBXFileReference; lastKnownFileType = text.plist.xml; path = Info.plist; sourceTree = "<group>"; };
		4A14EFE51D66F7CA004781A4 /* NativeContentAdView.xib */ = {isa = PBXFileReference; fileEncoding = 4; lastKnownFileType = file.xib; path = NativeContentAdView.xib; sourceTree = "<group>"; };
		4A14EFEA1D66F8A0004781A4 /* OysterContentAdView.h */ = {isa = PBXFileReference; fileEncoding = 4; lastKnownFileType = sourcecode.c.h; path = OysterContentAdView.h; sourceTree = "<group>"; };
		4A14EFEB1D66F8A0004781A4 /* OysterContentAdView.m */ = {isa = PBXFileReference; fileEncoding = 4; lastKnownFileType = sourcecode.c.objc; path = OysterContentAdView.m; sourceTree = "<group>"; };
		4A14EFED1D66F8B5004781A4 /* OysterAd.h */ = {isa = PBXFileReference; fileEncoding = 4; lastKnownFileType = sourcecode.c.h; path = OysterAd.h; sourceTree = "<group>"; };
		4A14EFEE1D66F8B5004781A4 /* OysterAd.m */ = {isa = PBXFileReference; fileEncoding = 4; lastKnownFileType = sourcecode.c.objc; path = OysterAd.m; sourceTree = "<group>"; };
/* End PBXFileReference section */

/* Begin PBXFrameworksBuildPhase section */
		4A14EFC81D66F7AB004781A4 /* Frameworks */ = {
			isa = PBXFrameworksBuildPhase;
			buildActionMask = 2147483647;
			files = (
			);
			runOnlyForDeploymentPostprocessing = 0;
		};
/* End PBXFrameworksBuildPhase section */

/* Begin PBXGroup section */
		1A2948C2039E5F25F2E38B09 /* internal */ = {
			isa = PBXGroup;
			children = (
				1A2945C400E9214771956199 /* ContentAdLoadedListener.m */,
				1A294EA044143C6CCE980F5F /* ContentAdLoadedListener.h */,
				1A294070ADCBB819549B4D3E /* AdLoadedListener.h */,
				1A2940A534AAD64B52D2F6F6 /* ServiceLoader.m */,
				1A294DBB2CF09AF9A1C54F98 /* ServiceLoader.h */,
				1A29498FF48BB6F830EB19C5 /* AdDto.m */,
				1A29472A42629D039962DCFD /* AdDto.h */,
				1A294EE00E5BD9C2C3381EA9 /* AdLinkDto.m */,
				1A294ECCE9DEA72AD7F9E37F /* AdLinkDto.h */,
				1A294360632D4A07D4200953 /* AdImageDto.m */,
				1A2947C0F201DAB1621DFE22 /* AdImageDto.h */,
				1A294A9D23A94F0AD22BD32F /* AdSponsorDto.m */,
				1A2942A6F40D750E55FC640F /* AdSponsorDto.h */,
				1A29404157F311FABF8C3536 /* AdViewModel.m */,
				1A2949BC0DAB67DEDABADCF6 /* AdViewModel.h */,
			);
			name = internal;
			sourceTree = "<group>";
		};
		4A14EFC21D66F7AB004781A4 = {
			isa = PBXGroup;
			children = (
				4A14EFCD1D66F7AB004781A4 /* oyster */,
				4A14EFCC1D66F7AB004781A4 /* Products */,
			);
			sourceTree = "<group>";
		};
		4A14EFCC1D66F7AB004781A4 /* Products */ = {
			isa = PBXGroup;
			children = (
				4A14EFCB1D66F7AB004781A4 /* oyster.app */,
			);
			name = Products;
			sourceTree = "<group>";
		};
		4A14EFCD1D66F7AB004781A4 /* oyster */ = {
			isa = PBXGroup;
			children = (
				4A14EFD11D66F7AB004781A4 /* AppDelegate.h */,
				4A14EFD21D66F7AB004781A4 /* AppDelegate.m */,
				4A14EFD41D66F7AB004781A4 /* ViewController.h */,
				4A14EFD51D66F7AB004781A4 /* ViewController.m */,
				4A14EFD71D66F7AB004781A4 /* Main.storyboard */,
				4A14EFDA1D66F7AB004781A4 /* Assets.xcassets */,
				4A14EFE51D66F7CA004781A4 /* NativeContentAdView.xib */,
				4A14EFE71D66F84D004781A4 /* OysterAd */,
				4A14EFDC1D66F7AB004781A4 /* LaunchScreen.storyboard */,
				4A14EFDF1D66F7AB004781A4 /* Info.plist */,
				4A14EFCE1D66F7AB004781A4 /* Supporting Files */,
				1A2947D2558666A042B4100E /* AdImage.m */,
				1A294CA07749390B7CFCE63B /* AdImage.h */,
				1A294DE99C495A7B000D3758 /* CollectionViewController.m */,
				1A2947DBD98990469029E4D6 /* CollectionViewController.h */,
				1A294989F9245F25C0FBEE7F /* OysterContentAdCell.m */,
				1A294BAC8A41CC3B8AAB28BD /* OysterContentAdCell.h */,
			);
			path = oyster;
			sourceTree = "<group>";
		};
		4A14EFCE1D66F7AB004781A4 /* Supporting Files */ = {
			isa = PBXGroup;
			children = (
				4A14EFCF1D66F7AB004781A4 /* main.m */,
			);
			name = "Supporting Files";
			sourceTree = "<group>";
		};
		4A14EFE71D66F84D004781A4 /* OysterAd */ = {
			isa = PBXGroup;
			children = (
				4A14EFEA1D66F8A0004781A4 /* OysterContentAdView.h */,
				4A14EFEB1D66F8A0004781A4 /* OysterContentAdView.m */,
				4A14EFED1D66F8B5004781A4 /* OysterAd.h */,
				4A14EFEE1D66F8B5004781A4 /* OysterAd.m */,
				1A29490B9C18223542CC384F /* OysterContentAd.m */,
				1A294905572BB7BE4999A559 /* OysterAdImage.m */,
				1A294498839506C4B8F38E34 /* OysterAdImage.h */,
				1A294577A879DC81BD27E858 /* OysterContentAd.h */,
				1A294E3933D9A13CBFE2C46D /* OysterAdLoader.m */,
				1A2945237DFE7E261A560B93 /* OysterAdLoader.h */,
				1A2949239BCBAFFB3108BE6E /* OysterAdLoaderDelegate.h */,
				1A29489B05E0CE176653116A /* OysterAdType.h */,
				1A2948C2039E5F25F2E38B09 /* internal */,
			);
			name = OysterAd;
			sourceTree = "<group>";
		};
/* End PBXGroup section */

/* Begin PBXNativeTarget section */
		4A14EFCA1D66F7AB004781A4 /* oyster */ = {
			isa = PBXNativeTarget;
			buildConfigurationList = 4A14EFE21D66F7AB004781A4 /* Build configuration list for PBXNativeTarget "oyster" */;
			buildPhases = (
				4A14EFC71D66F7AB004781A4 /* Sources */,
				4A14EFC81D66F7AB004781A4 /* Frameworks */,
				4A14EFC91D66F7AB004781A4 /* Resources */,
			);
			buildRules = (
			);
			dependencies = (
			);
			name = oyster;
			productName = oyster;
			productReference = 4A14EFCB1D66F7AB004781A4 /* oyster.app */;
			productType = "com.apple.product-type.application";
		};
/* End PBXNativeTarget section */

/* Begin PBXProject section */
		4A14EFC31D66F7AB004781A4 /* Project object */ = {
			isa = PBXProject;
			attributes = {
				KnownAssetTags = (
					100,
				);
				LastUpgradeCheck = 0730;
				ORGANIZATIONNAME = tenmax;
				TargetAttributes = {
					4A14EFCA1D66F7AB004781A4 = {
						CreatedOnToolsVersion = 7.3.1;
					};
				};
			};
			buildConfigurationList = 4A14EFC61D66F7AB004781A4 /* Build configuration list for PBXProject "oyster" */;
			compatibilityVersion = "Xcode 3.2";
			developmentRegion = English;
			hasScannedForEncodings = 0;
			knownRegions = (
				en,
				Base,
			);
			mainGroup = 4A14EFC21D66F7AB004781A4;
			productRefGroup = 4A14EFCC1D66F7AB004781A4 /* Products */;
			projectDirPath = "";
			projectRoot = "";
			targets = (
				4A14EFCA1D66F7AB004781A4 /* oyster */,
			);
		};
/* End PBXProject section */

/* Begin PBXResourcesBuildPhase section */
		4A14EFC91D66F7AB004781A4 /* Resources */ = {
			isa = PBXResourcesBuildPhase;
			buildActionMask = 2147483647;
			files = (
				4A14EFDE1D66F7AB004781A4 /* LaunchScreen.storyboard in Resources */,
				4A14EFDB1D66F7AB004781A4 /* Assets.xcassets in Resources */,
				4A14EFE61D66F7CA004781A4 /* NativeContentAdView.xib in Resources */,
				4A14EFD91D66F7AB004781A4 /* Main.storyboard in Resources */,
			);
			runOnlyForDeploymentPostprocessing = 0;
		};
/* End PBXResourcesBuildPhase section */

/* Begin PBXSourcesBuildPhase section */
		4A14EFC71D66F7AB004781A4 /* Sources */ = {
			isa = PBXSourcesBuildPhase;
			buildActionMask = 2147483647;
			files = (
				4A14EFD61D66F7AB004781A4 /* ViewController.m in Sources */,
				4A14EFEF1D66F8B5004781A4 /* OysterAd.m in Sources */,
				4A14EFEC1D66F8A0004781A4 /* OysterContentAdView.m in Sources */,
				4A14EFD31D66F7AB004781A4 /* AppDelegate.m in Sources */,
				4A14EFD01D66F7AB004781A4 /* main.m in Sources */,
				1A2947E6DBDED48E55A9D9E3 /* OysterContentAd.m in Sources */,
				1A2948084E6DFE6C75C31E7E /* OysterAdImage.m in Sources */,
				1A29442DE4F9FA7E38B9925F /* OysterAdLoader.m in Sources */,
				1A2949DAA6B0C5959D4024D7 /* ContentAdLoadedListener.m in Sources */,
				1A294BA9140593F3A4994CF4 /* ServiceLoader.m in Sources */,
				1A2940EA87B18165F0706554 /* AdDto.m in Sources */,
				1A29409F062864C397A8C7F0 /* AdLinkDto.m in Sources */,
				1A2945087EA121E7581C27C8 /* AdImageDto.m in Sources */,
				1A2946D7A3130F96A8652FCD /* AdSponsorDto.m in Sources */,
				1A2948D8BDCCD2A190E7FD69 /* AdViewModel.m in Sources */,
				1A2946DA26A243BF5FD99DA2 /* AdImage.m in Sources */,
				1A294CB43949A7BDE4621B50 /* CollectionViewController.m in Sources */,
				1A294302F589699D797A3D21 /* OysterContentAdCell.m in Sources */,
			);
			runOnlyForDeploymentPostprocessing = 0;
		};
/* End PBXSourcesBuildPhase section */

/* Begin PBXVariantGroup section */
		4A14EFD71D66F7AB004781A4 /* Main.storyboard */ = {
			isa = PBXVariantGroup;
			children = (
				4A14EFD81D66F7AB004781A4 /* Base */,
			);
			name = Main.storyboard;
			sourceTree = "<group>";
		};
		4A14EFDC1D66F7AB004781A4 /* LaunchScreen.storyboard */ = {
			isa = PBXVariantGroup;
			children = (
				4A14EFDD1D66F7AB004781A4 /* Base */,
			);
			name = LaunchScreen.storyboard;
			sourceTree = "<group>";
		};
/* End PBXVariantGroup section */

/* Begin XCBuildConfiguration section */
		4A14EFE01D66F7AB004781A4 /* Debug */ = {
			isa = XCBuildConfiguration;
			buildSettings = {
				ALWAYS_SEARCH_USER_PATHS = NO;
				CLANG_ANALYZER_NONNULL = YES;
				CLANG_CXX_LANGUAGE_STANDARD = "gnu++0x";
				CLANG_CXX_LIBRARY = "libc++";
				CLANG_ENABLE_MODULES = YES;
				CLANG_ENABLE_OBJC_ARC = YES;
				CLANG_WARN_BOOL_CONVERSION = YES;
				CLANG_WARN_CONSTANT_CONVERSION = YES;
				CLANG_WARN_DIRECT_OBJC_ISA_USAGE = YES_ERROR;
				CLANG_WARN_EMPTY_BODY = YES;
				CLANG_WARN_ENUM_CONVERSION = YES;
				CLANG_WARN_INT_CONVERSION = YES;
				CLANG_WARN_OBJC_ROOT_CLASS = YES_ERROR;
				CLANG_WARN_UNREACHABLE_CODE = YES;
				CLANG_WARN__DUPLICATE_METHOD_MATCH = YES;
				"CODE_SIGN_IDENTITY[sdk=iphoneos*]" = "iPhone Developer";
				COPY_PHASE_STRIP = NO;
				DEBUG_INFORMATION_FORMAT = dwarf;
				ENABLE_STRICT_OBJC_MSGSEND = YES;
				ENABLE_TESTABILITY = YES;
				GCC_C_LANGUAGE_STANDARD = gnu99;
				GCC_DYNAMIC_NO_PIC = NO;
				GCC_NO_COMMON_BLOCKS = YES;
				GCC_OPTIMIZATION_LEVEL = 0;
				GCC_PREPROCESSOR_DEFINITIONS = (
					"DEBUG=1",
					"$(inherited)",
				);
				GCC_WARN_64_TO_32_BIT_CONVERSION = YES;
				GCC_WARN_ABOUT_RETURN_TYPE = YES_ERROR;
				GCC_WARN_UNDECLARED_SELECTOR = YES;
				GCC_WARN_UNINITIALIZED_AUTOS = YES_AGGRESSIVE;
				GCC_WARN_UNUSED_FUNCTION = YES;
				GCC_WARN_UNUSED_VARIABLE = YES;
				IPHONEOS_DEPLOYMENT_TARGET = 9.3;
				MTL_ENABLE_DEBUG_INFO = YES;
				ONLY_ACTIVE_ARCH = YES;
				SDKROOT = iphoneos;
				VALID_ARCHS = "arm64 armv7";
			};
			name = Debug;
		};
		4A14EFE11D66F7AB004781A4 /* Release */ = {
			isa = XCBuildConfiguration;
			buildSettings = {
				ALWAYS_SEARCH_USER_PATHS = NO;
				CLANG_ANALYZER_NONNULL = YES;
				CLANG_CXX_LANGUAGE_STANDARD = "gnu++0x";
				CLANG_CXX_LIBRARY = "libc++";
				CLANG_ENABLE_MODULES = YES;
				CLANG_ENABLE_OBJC_ARC = YES;
				CLANG_WARN_BOOL_CONVERSION = YES;
				CLANG_WARN_CONSTANT_CONVERSION = YES;
				CLANG_WARN_DIRECT_OBJC_ISA_USAGE = YES_ERROR;
				CLANG_WARN_EMPTY_BODY = YES;
				CLANG_WARN_ENUM_CONVERSION = YES;
				CLANG_WARN_INT_CONVERSION = YES;
				CLANG_WARN_OBJC_ROOT_CLASS = YES_ERROR;
				CLANG_WARN_UNREACHABLE_CODE = YES;
				CLANG_WARN__DUPLICATE_METHOD_MATCH = YES;
				"CODE_SIGN_IDENTITY[sdk=iphoneos*]" = "iPhone Developer";
				COPY_PHASE_STRIP = NO;
				DEBUG_INFORMATION_FORMAT = "dwarf-with-dsym";
				ENABLE_NS_ASSERTIONS = NO;
				ENABLE_STRICT_OBJC_MSGSEND = YES;
				GCC_C_LANGUAGE_STANDARD = gnu99;
				GCC_NO_COMMON_BLOCKS = YES;
				GCC_WARN_64_TO_32_BIT_CONVERSION = YES;
				GCC_WARN_ABOUT_RETURN_TYPE = YES_ERROR;
				GCC_WARN_UNDECLARED_SELECTOR = YES;
				GCC_WARN_UNINITIALIZED_AUTOS = YES_AGGRESSIVE;
				GCC_WARN_UNUSED_FUNCTION = YES;
				GCC_WARN_UNUSED_VARIABLE = YES;
				IPHONEOS_DEPLOYMENT_TARGET = 9.3;
				MTL_ENABLE_DEBUG_INFO = NO;
				SDKROOT = iphoneos;
				VALIDATE_PRODUCT = YES;
				VALID_ARCHS = "arm64 armv7";
			};
			name = Release;
		};
		4A14EFE31D66F7AB004781A4 /* Debug */ = {
			isa = XCBuildConfiguration;
			buildSettings = {
				ASSETCATALOG_COMPILER_APPICON_NAME = AppIcon;
				INFOPLIST_FILE = oyster/Info.plist;
				LD_RUNPATH_SEARCH_PATHS = "$(inherited) @executable_path/Frameworks";
				PRODUCT_BUNDLE_IDENTIFIER = io.tenmax.oyster;
				PRODUCT_NAME = "$(TARGET_NAME)";
				SDKROOT = iphoneos9.3;
				VALID_ARCHS = "arm64 armv7";
			};
			name = Debug;
		};
		4A14EFE41D66F7AB004781A4 /* Release */ = {
			isa = XCBuildConfiguration;
			buildSettings = {
				ASSETCATALOG_COMPILER_APPICON_NAME = AppIcon;
				INFOPLIST_FILE = oyster/Info.plist;
				LD_RUNPATH_SEARCH_PATHS = "$(inherited) @executable_path/Frameworks";
				PRODUCT_BUNDLE_IDENTIFIER = io.tenmax.oyster;
				PRODUCT_NAME = "$(TARGET_NAME)";
				SDKROOT = iphoneos9.3;
				VALID_ARCHS = "arm64 armv7";
			};
			name = Release;
		};
/* End XCBuildConfiguration section */

/* Begin XCConfigurationList section */
		4A14EFC61D66F7AB004781A4 /* Build configuration list for PBXProject "oyster" */ = {
			isa = XCConfigurationList;
			buildConfigurations = (
				4A14EFE01D66F7AB004781A4 /* Debug */,
				4A14EFE11D66F7AB004781A4 /* Release */,
			);
			defaultConfigurationIsVisible = 0;
			defaultConfigurationName = Release;
		};
		4A14EFE21D66F7AB004781A4 /* Build configuration list for PBXNativeTarget "oyster" */ = {
			isa = XCConfigurationList;
			buildConfigurations = (
				4A14EFE31D66F7AB004781A4 /* Debug */,
				4A14EFE41D66F7AB004781A4 /* Release */,
			);
			defaultConfigurationIsVisible = 0;
			defaultConfigurationName = Release;
		};
/* End XCConfigurationList section */
	};
	rootObject = 4A14EFC31D66F7AB004781A4 /* Project object */;
}
